
Microsoft Visual Studio Solution File, Format Version 12.00
# Visual Studio 2015
Project("{FAE04EC0-301F-11D3-BF4B-00C04F79EFBC}") = "3DGP_ASSIGNMENT_A.CSharp", "3DGP_ASSIGNMENT_A.CSharp.csproj", "{E05C74FE-B252-CF26-D066-EFC543FFB82E}"
EndProject
Global
	GlobalSection(SolutionConfigurationPlatforms) = preSolution
		Debug|Any CPU = Debug|Any CPU
		Release|Any CPU = Release|Any CPU
	EndGlobalSection
	GlobalSection(ProjectConfigurationPlatforms) = postSolution
		{E05C74FE-B252-CF26-D066-EFC543FFB82E}.Debug|Any CPU.ActiveCfg = Debug|Any CPU
		{E05C74FE-B252-CF26-D066-EFC543FFB82E}.Debug|Any CPU.Build.0 = Debug|Any CPU
		{E05C74FE-B252-CF26-D066-EFC543FFB82E}.Release|Any CPU.ActiveCfg = Release|Any CPU
		{E05C74FE-B252-CF26-D066-EFC543FFB82E}.Release|Any CPU.Build.0 = Release|Any CPU
	EndGlobalSection
	GlobalSection(SolutionProperties) = preSolution
		HideSolutionNode = FALSE
	EndGlobalSection
EndGlobal
